[[tools.act]]
version = "0.2.81"
backend = "aqua:nektos/act"

[tools.act.platforms.linux-arm64]
checksum = "sha256:c934df6c059ae6270449ec6f6d65b399fb321ee38d0a5af37e337706c4ec1a11"
size = 7408828
url = "https://github.com/nektos/act/releases/download/v0.2.81/act_Linux_arm64.tar.gz"

[tools.act.platforms.linux-x64]
checksum = "sha256:2198d2b3b6f5751751c829475255d99f9558d0043970b4a043e3af16715fa0cf"
size = 8066547
url = "https://github.com/nektos/act/releases/download/v0.2.81/act_Linux_x86_64.tar.gz"

[tools.act.platforms.macos-arm64]
checksum = "sha256:779242e40cebc6e2fe21503d50bd1b4e485a7965f1e758ed36871a7986cb4041"
size = 7699340
url = "https://github.com/nektos/act/releases/download/v0.2.81/act_Darwin_arm64.tar.gz"

[[tools.go]]
version = "1.25.1"
backend = "core:go"

[tools.go.platforms.linux-arm64]
checksum = "sha256:65a3e34fb2126f55b34e1edfc709121660e1be2dee6bdf405fc399a63a95a87d"
size = 57161194
url = "https://dl.google.com/go/go1.25.1.linux-arm64.tar.gz"

[tools.go.platforms.linux-x64]
checksum = "sha256:7716a0d940a0f6ae8e1f3b3f4f36299dc53e31b16840dbd171254312c41ca12e"
size = 59660846
url = "https://dl.google.com/go/go1.25.1.linux-amd64.tar.gz"

[tools.go.platforms.macos-arm64]
checksum = "sha256:68deebb214f39d542e518ebb0598a406ab1b5a22bba8ec9ade9f55fb4dd94a6c"
size = 57906702
url = "https://dl.google.com/go/go1.25.1.darwin-arm64.tar.gz"

[[tools."go:golang.org/x/tools/gopls"]]
version = "0.20.0"
backend = "go:golang.org/x/tools/gopls"

[[tools.golangci-lint]]
version = "2.4.0"
backend = "aqua:golangci/golangci-lint"

[tools.golangci-lint.platforms.linux-arm64]
checksum = "sha256:70ac11f55b80ec78fd3a879249cc9255121b8dfd7f7ed4fc46ed137f4abf17e7"
size = 12905811
url = "https://github.com/golangci/golangci-lint/releases/download/v2.4.0/golangci-lint-2.4.0-linux-arm64.tar.gz"

[tools.golangci-lint.platforms.linux-x64]
checksum = "sha256:fae792524c04424c0ac369f5b8076f04b45cf29fc945a370e55d369a8dc11840"
size = 14126779
url = "https://github.com/golangci/golangci-lint/releases/download/v2.4.0/golangci-lint-2.4.0-linux-amd64.tar.gz"

[tools.golangci-lint.platforms.macos-arm64]
checksum = "sha256:cd4dd53fa09b6646baff5fd22b8c64d91db02c21c7496df27992d75d34feec59"
size = 13542526
url = "https://github.com/golangci/golangci-lint/releases/download/v2.4.0/golangci-lint-2.4.0-darwin-arm64.tar.gz"

[[tools.golangci-lint-langserver]]
version = "0.0.11"
backend = "aqua:nametake/golangci-lint-langserver"

[tools.golangci-lint-langserver.platforms.linux-arm64]
checksum = "sha256:7d3695a366e653569a375d209516b3fa8ca184b92fc5acbfedfaee9ad3c97c21"
size = 958479
url = "https://github.com/nametake/golangci-lint-langserver/releases/download/v0.0.11/golangci-lint-langserver_Linux_arm64.tar.gz"

[tools.golangci-lint-langserver.platforms.linux-x64]
checksum = "sha256:b4efa95267c29ca4d08e0a977e90e7c6a8a606bafe1dcedfd5e48e952536b331"
size = 1031140
url = "https://github.com/nametake/golangci-lint-langserver/releases/download/v0.0.11/golangci-lint-langserver_Linux_x86_64.tar.gz"

[tools.golangci-lint-langserver.platforms.macos-arm64]
checksum = "sha256:d9f704e6ae3ba63b8f452dfec3c9b2b418652ad3ba3a1d0b92ae70fd2c74d2b1"
size = 970430
url = "https://github.com/nametake/golangci-lint-langserver/releases/download/v0.0.11/golangci-lint-langserver_Darwin_arm64.tar.gz"

[[tools.grype]]
version = "0.99.1"
backend = "aqua:anchore/grype"

[tools.grype.platforms.linux-arm64]
checksum = "sha256:b5a95e5e0a104ad5f04a09a0f39154ae549d463332129eb5f7455178c86ad19b"
size = 24500423
url = "https://github.com/anchore/grype/releases/download/v0.99.1/grype_0.99.1_linux_arm64.tar.gz"

[tools.grype.platforms.linux-x64]
checksum = "sha256:7fde4d45fe097daa2554078cd9e81faa43e51266a888337f5446c1ffc42d451f"
size = 26444079
url = "https://github.com/anchore/grype/releases/download/v0.99.1/grype_0.99.1_linux_amd64.tar.gz"

[tools.grype.platforms.macos-arm64]
checksum = "sha256:82bb346ed5474de249127fea5f61e9e523f57d9dbf632a248eb326db6e4daee9"
size = 25643800
url = "https://github.com/anchore/grype/releases/download/v0.99.1/grype_0.99.1_darwin_arm64.tar.gz"
