github.com/klauspost/compress v1.17.1 h1:NE3C767s2ak2bweCZo3+rdP4U/HoyVXLv/X9f2gPS5g=
github.com/klauspost/compress v1.17.1/go.mod h1:ntbaceVETuRiXiv4DpjP66DpAtAGkEQskQzEyD//IeE=
github.com/smira/lzma v0.0.0-20160124201817-7f0af6269940 h1:z3NJMtzxmGxEs+RUxFpp3jxuFzeG2ihp6jZ0FZi75Wc=
github.com/smira/lzma v0.0.0-20160124201817-7f0af6269940/go.mod h1:zmVvOLLLFrvqaEvoz1i14UoaNPVg8ge70IA/NblPfw8=
