# This file is autogenerated, do not edit; changes may be undone by the next 'dep ensure'.


[[projects]]
  branch = "master"
  name = "github.com/smira/lzma"
  packages = ["."]
  revision = "7f0af6269940baa2c938fabe73e0d7ba41205683"

[solve-meta]
  analyzer-name = "dep"
  analyzer-version = 1
  inputs-digest = "35487e7d405d0996f984e3d9976869c70ecfde28d8149922825d90533fe3fc5b"
  solver-name = "gps-cdcl"
  solver-version = 1
