[tools.act]
version = "0.2.81"
backend = "aqua:nektos/act"

[tools.act.platforms.macos-arm64]
checksum = "sha256:779242e40cebc6e2fe21503d50bd1b4e485a7965f1e758ed36871a7986cb4041"
size = 7699340
url = "https://github.com/nektos/act/releases/download/v0.2.81/act_Darwin_arm64.tar.gz"

[tools.crossplane]
version = "2.0.2"
backend = "aqua:crossplane/crossplane"

[tools.crossplane.platforms.macos-arm64]
checksum = "blake3:e3ef1e2d82339db8680beb250c44d30ff9d9293c0a0632400d2d9f22271b5cb9"
size = 63251714
url = "https://releases.crossplane.io/stable/v2.0.2/bin/darwin_arm64/crank"

[tools.go]
version = "1.25.1"
backend = "core:go"

[tools.go.platforms.macos-arm64]
checksum = "sha256:68deebb214f39d542e518ebb0598a406ab1b5a22bba8ec9ade9f55fb4dd94a6c"
size = 57906702
url = "https://dl.google.com/go/go1.25.1.darwin-arm64.tar.gz"

[tools."go:golang.org/x/tools/gopls"]
version = "0.20.0"
backend = "go:golang.org/x/tools/gopls"

[tools.golangci-lint]
version = "2.4.0"
backend = "aqua:golangci/golangci-lint"

[tools.golangci-lint.platforms.macos-arm64]
checksum = "sha256:cd4dd53fa09b6646baff5fd22b8c64d91db02c21c7496df27992d75d34feec59"
size = 13542526
url = "https://github.com/golangci/golangci-lint/releases/download/v2.4.0/golangci-lint-2.4.0-darwin-arm64.tar.gz"

[tools.golangci-lint-langserver]
version = "0.0.11"
backend = "aqua:nametake/golangci-lint-langserver"

[tools.golangci-lint-langserver.platforms.macos-arm64]
checksum = "sha256:d9f704e6ae3ba63b8f452dfec3c9b2b418652ad3ba3a1d0b92ae70fd2c74d2b1"
size = 970430
url = "https://github.com/nametake/golangci-lint-langserver/releases/download/v0.0.11/golangci-lint-langserver_Darwin_arm64.tar.gz"

[tools.golines]
version = "0.13.0"
backend = "aqua:segmentio/golines"

[tools.golines.platforms.macos-arm64]
checksum = "sha256:82fb27c00940beade79a6bce44dcb7b60fee7fe8a9c0f933876dad74196ea6ba"
size = 5919573
url = "https://github.com/segmentio/golines/releases/download/v0.13.0/golines_0.13.0_darwin_all.tar.gz"

[tools.grype]
version = "0.99.1"
backend = "aqua:anchore/grype"

[tools.grype.platforms.macos-arm64]
checksum = "sha256:82bb346ed5474de249127fea5f61e9e523f57d9dbf632a248eb326db6e4daee9"
size = 25643800
url = "https://github.com/anchore/grype/releases/download/v0.99.1/grype_0.99.1_darwin_arm64.tar.gz"
